
Microsoft Visual Studio Solution File, Format Version 12.00
# Visual Studio Version 16
VisualStudioVersion = 16.0.30128.74
MinimumVisualStudioVersion = 10.0.40219.1
Project("{FAE04EC0-301F-11D3-BF4B-00C04F79EFBC}") = "AndroidsExpanded", "AndroidsExpanded.csproj", "{A18182CE-A576-49F1-AF9F-433946F5120B}"
EndProject
Global
	GlobalSection(SolutionConfigurationPlatforms) = preSolution
		Debug|Any CPU = Debug|Any CPU
		Release|Any CPU = Release|Any CPU
	EndGlobalSection
	GlobalSection(ProjectConfigurationPlatforms) = postSolution
		{A18182CE-A576-49F1-AF9F-433946F5120B}.Debug|Any CPU.ActiveCfg = Debug|Any CPU
		{A18182CE-A576-49F1-AF9F-433946F5120B}.Debug|Any CPU.Build.0 = Debug|Any CPU
		{A18182CE-A576-49F1-AF9F-433946F5120B}.Release|Any CPU.ActiveCfg = Release|Any CPU
		{A18182CE-A576-49F1-AF9F-433946F5120B}.Release|Any CPU.Build.0 = Release|Any CPU
	EndGlobalSection
	GlobalSection(SolutionProperties) = preSolution
		HideSolutionNode = FALSE
	EndGlobalSection
	GlobalSection(ExtensibilityGlobals) = postSolution
		SolutionGuid = {DFBF8F52-648C-4D53-9040-2FF07D0615B2}
	EndGlobalSection
EndGlobal
